
Microsoft Visual Studio Solution File, Format Version 12.00
# Visual Studio Version 17
VisualStudioVersion = 17.2.32616.157
MinimumVisualStudioVersion = 10.0.40219.1
Project("{FAE04EC0-301F-11D3-BF4B-00C04F79EFBC}") = "RabbitMqPhotoService", "RabbitMqPhotoService\RabbitMqPhotoService.csproj", "{741AAB5E-03B0-4E8D-84F9-E262D21476AB}"
EndProject
Global
	GlobalSection(SolutionConfigurationPlatforms) = preSolution
		Debug|Any CPU = Debug|Any CPU
		Release|Any CPU = Release|Any CPU
	EndGlobalSection
	GlobalSection(ProjectConfigurationPlatforms) = postSolution
		{741AAB5E-03B0-4E8D-84F9-E262D21476AB}.Debug|Any CPU.ActiveCfg = Debug|Any CPU
		{741AAB5E-03B0-4E8D-84F9-E262D21476AB}.Debug|Any CPU.Build.0 = Debug|Any CPU
		{741AAB5E-03B0-4E8D-84F9-E262D21476AB}.Release|Any CPU.ActiveCfg = Release|Any CPU
		{741AAB5E-03B0-4E8D-84F9-E262D21476AB}.Release|Any CPU.Build.0 = Release|Any CPU
	EndGlobalSection
	GlobalSection(SolutionProperties) = preSolution
		HideSolutionNode = FALSE
	EndGlobalSection
	GlobalSection(ExtensibilityGlobals) = postSolution
		SolutionGuid = {E9370772-06F9-4470-81D2-433B421EDA67}
	EndGlobalSection
EndGlobal
